
Microsoft Visual Studio Solution File, Format Version 12.00
# Visual Studio Version 16
VisualStudioVersion = 16.0.30804.86
MinimumVisualStudioVersion = 10.0.40219.1
Project("{FAE04EC0-301F-11D3-BF4B-00C04F79EFBC}") = "MoreAccessoriesSun", "PluginCode\MoreAccessoriesSun.csproj", "{799E8918-D6E9-47AF-9218-466D328960FC}"
EndProject
Project("{D954291E-2A0B-460D-934E-DC6B0785DB48}") = "Core.MoreAccessories", "Core.MoreAccessories\Core.MoreAccessories.shproj", "{55827E06-0285-4E96-9CE9-53CE310C382B}"
EndProject
Project("{FAE04EC0-301F-11D3-BF4B-00C04F79EFBC}") = "MoreAccessoriesKK", "MoreAccessories\MoreAccessoriesKK.csproj", "{675F51E5-166D-49AD-8B01-45E8959629D7}"
EndProject
Project("{2150E333-8FDC-42A3-9474-1A3956D46DE8}") = "Sunshine", "Sunshine", "{AFECFC9A-1211-4AF6-B690-EA414B88B966}"
EndProject
Project("{2150E333-8FDC-42A3-9474-1A3956D46DE8}") = "KK", "KK", "{AA2D0D04-E065-437F-89D8-D8D7718AF66D}"
EndProject
Project("{2150E333-8FDC-42A3-9474-1A3956D46DE8}") = "EC", "EC", "{B1B0C5C8-A14B-4DE1-A1AE-65E445E40FD1}"
EndProject
Project("{FAE04EC0-301F-11D3-BF4B-00C04F79EFBC}") = "MoreAccessoriesEC", "MoreAccessoriesEC\MoreAccessoriesEC.csproj", "{94578E6D-ECC4-4427-B5ED-2896EACCF25C}"
EndProject
Project("{D954291E-2A0B-460D-934E-DC6B0785DB48}") = "EmotionCreators", "EmotionCreators\EmotionCreators.shproj", "{7ED9BFF9-D1DC-48C6-851E-79F59805AED1}"
EndProject
Project("{D954291E-2A0B-460D-934E-DC6B0785DB48}") = "Koikatsu", "Koikatsu\Koikatsu.shproj", "{7B1A016D-5D9F-42CA-8858-53BB0666B0B4}"
EndProject
Global
	GlobalSection(SharedMSBuildProjectFiles) = preSolution
		Core.MoreAccessories\Core.MoreAccessories.projitems*{55827e06-0285-4e96-9ce9-53ce310c382b}*SharedItemsImports = 13
		Core.MoreAccessories\Core.MoreAccessories.projitems*{675f51e5-166d-49ad-8b01-45e8959629d7}*SharedItemsImports = 4
		Koikatsu\Koikatsu.projitems*{675f51e5-166d-49ad-8b01-45e8959629d7}*SharedItemsImports = 4
		Core.MoreAccessories\Core.MoreAccessories.projitems*{799e8918-d6e9-47af-9218-466d328960fc}*SharedItemsImports = 4
		Koikatsu\Koikatsu.projitems*{799e8918-d6e9-47af-9218-466d328960fc}*SharedItemsImports = 4
		Koikatsu\Koikatsu.projitems*{7b1a016d-5d9f-42ca-8858-53bb0666b0b4}*SharedItemsImports = 13
		EmotionCreators\EmotionCreators.projitems*{7ed9bff9-d1dc-48c6-851e-79f59805aed1}*SharedItemsImports = 13
		Core.MoreAccessories\Core.MoreAccessories.projitems*{94578e6d-ecc4-4427-b5ed-2896eaccf25c}*SharedItemsImports = 4
		EmotionCreators\EmotionCreators.projitems*{94578e6d-ecc4-4427-b5ed-2896eaccf25c}*SharedItemsImports = 4
	EndGlobalSection
	GlobalSection(SolutionConfigurationPlatforms) = preSolution
		Debug|Any CPU = Debug|Any CPU
		Release|Any CPU = Release|Any CPU
	EndGlobalSection
	GlobalSection(ProjectConfigurationPlatforms) = postSolution
		{799E8918-D6E9-47AF-9218-466D328960FC}.Debug|Any CPU.ActiveCfg = Debug|Any CPU
		{799E8918-D6E9-47AF-9218-466D328960FC}.Debug|Any CPU.Build.0 = Debug|Any CPU
		{799E8918-D6E9-47AF-9218-466D328960FC}.Release|Any CPU.ActiveCfg = Release|Any CPU
		{799E8918-D6E9-47AF-9218-466D328960FC}.Release|Any CPU.Build.0 = Release|Any CPU
		{675F51E5-166D-49AD-8B01-45E8959629D7}.Debug|Any CPU.ActiveCfg = Debug|Any CPU
		{675F51E5-166D-49AD-8B01-45E8959629D7}.Debug|Any CPU.Build.0 = Debug|Any CPU
		{675F51E5-166D-49AD-8B01-45E8959629D7}.Release|Any CPU.ActiveCfg = Release|Any CPU
		{675F51E5-166D-49AD-8B01-45E8959629D7}.Release|Any CPU.Build.0 = Release|Any CPU
		{94578E6D-ECC4-4427-B5ED-2896EACCF25C}.Debug|Any CPU.ActiveCfg = Debug|Any CPU
		{94578E6D-ECC4-4427-B5ED-2896EACCF25C}.Debug|Any CPU.Build.0 = Debug|Any CPU
		{94578E6D-ECC4-4427-B5ED-2896EACCF25C}.Release|Any CPU.ActiveCfg = Release|Any CPU
		{94578E6D-ECC4-4427-B5ED-2896EACCF25C}.Release|Any CPU.Build.0 = Release|Any CPU
	EndGlobalSection
	GlobalSection(SolutionProperties) = preSolution
		HideSolutionNode = FALSE
	EndGlobalSection
	GlobalSection(NestedProjects) = preSolution
		{799E8918-D6E9-47AF-9218-466D328960FC} = {AFECFC9A-1211-4AF6-B690-EA414B88B966}
		{675F51E5-166D-49AD-8B01-45E8959629D7} = {AA2D0D04-E065-437F-89D8-D8D7718AF66D}
		{94578E6D-ECC4-4427-B5ED-2896EACCF25C} = {B1B0C5C8-A14B-4DE1-A1AE-65E445E40FD1}
	EndGlobalSection
	GlobalSection(ExtensibilityGlobals) = postSolution
		SolutionGuid = {FDFF1C20-A8AF-42FB-8BD8-4B5087BC50F3}
	EndGlobalSection
EndGlobal
